{
  "requires": true,
  "lockfileVersion": 1,
  "dependencies": {
    "@vkontakte/vk-connect": {
      "version": "1.7.2",
      "resolved": "https://registry.npmjs.org/@vkontakte/vk-connect/-/vk-connect-1.7.2.tgz",
      "integrity": "sha512-Pt9V9DSGOJ0RUWSTU26YJ9cVMytJ5TW9mhhUlala5f+4wq4Zbn4OdBZJJAB49nGF6yIbGD9a6HkZknhddlMaDw=="
    }
  }
}
